
Microsoft Visual Studio Solution File, Format Version 12.00
# Visual Studio 15
VisualStudioVersion = 15.0.27703.2000
MinimumVisualStudioVersion = 10.0.40219.1
Project("{FAE04EC0-301F-11D3-BF4B-00C04F79EFBC}") = "MySyncPlugin", "MySyncPlugin\MySyncPlugin.csproj", "{8B78BCD2-F04C-4EEA-80A4-E231B388270F}"
EndProject
Project("{FAE04EC0-301F-11D3-BF4B-00C04F79EFBC}") = "Sync", "..\Dependency\Sync\Sync\Sync.csproj", "{FBD514C2-2830-479E-B050-D1C383028456}"
EndProject
Global
	GlobalSection(SolutionConfigurationPlatforms) = preSolution
		Debug|Any CPU = Debug|Any CPU
		Release|Any CPU = Release|Any CPU
	EndGlobalSection
	GlobalSection(ProjectConfigurationPlatforms) = postSolution
		{8B78BCD2-F04C-4EEA-80A4-E231B388270F}.Debug|Any CPU.ActiveCfg = Debug|Any CPU
		{8B78BCD2-F04C-4EEA-80A4-E231B388270F}.Debug|Any CPU.Build.0 = Debug|Any CPU
		{8B78BCD2-F04C-4EEA-80A4-E231B388270F}.Release|Any CPU.ActiveCfg = Release|Any CPU
		{8B78BCD2-F04C-4EEA-80A4-E231B388270F}.Release|Any CPU.Build.0 = Release|Any CPU
		{FBD514C2-2830-479E-B050-D1C383028456}.Debug|Any CPU.ActiveCfg = Debug|Any CPU
		{FBD514C2-2830-479E-B050-D1C383028456}.Debug|Any CPU.Build.0 = Debug|Any CPU
		{FBD514C2-2830-479E-B050-D1C383028456}.Release|Any CPU.ActiveCfg = Release|Any CPU
		{FBD514C2-2830-479E-B050-D1C383028456}.Release|Any CPU.Build.0 = Release|Any CPU
	EndGlobalSection
	GlobalSection(SolutionProperties) = preSolution
		HideSolutionNode = FALSE
	EndGlobalSection
	GlobalSection(ExtensibilityGlobals) = postSolution
		SolutionGuid = {D89C513F-1246-4038-A20D-C76CEE0A6F5C}
	EndGlobalSection
EndGlobal
