
Microsoft Visual Studio Solution File, Format Version 12.00
# Visual Studio 15
VisualStudioVersion = 15.0.27703.2000
MinimumVisualStudioVersion = 10.0.40219.1
Project("{FAE04EC0-301F-11D3-BF4B-00C04F79EFBC}") = "SimpleConfiguration", "SimpleConfiguration\SimpleConfiguration.csproj", "{9CC4CE87-2BB6-489F-ADC3-8E890001ED2E}"
EndProject
Project("{FAE04EC0-301F-11D3-BF4B-00C04F79EFBC}") = "Sync", "..\Dependency\Sync\Sync\Sync.csproj", "{FBD514C2-2830-479E-B050-D1C383028456}"
EndProject
Global
	GlobalSection(SolutionConfigurationPlatforms) = preSolution
		Debug|Any CPU = Debug|Any CPU
		Release|Any CPU = Release|Any CPU
	EndGlobalSection
	GlobalSection(ProjectConfigurationPlatforms) = postSolution
		{9CC4CE87-2BB6-489F-ADC3-8E890001ED2E}.Debug|Any CPU.ActiveCfg = Debug|Any CPU
		{9CC4CE87-2BB6-489F-ADC3-8E890001ED2E}.Debug|Any CPU.Build.0 = Debug|Any CPU
		{9CC4CE87-2BB6-489F-ADC3-8E890001ED2E}.Release|Any CPU.ActiveCfg = Release|Any CPU
		{9CC4CE87-2BB6-489F-ADC3-8E890001ED2E}.Release|Any CPU.Build.0 = Release|Any CPU
		{FBD514C2-2830-479E-B050-D1C383028456}.Debug|Any CPU.ActiveCfg = Debug|Any CPU
		{FBD514C2-2830-479E-B050-D1C383028456}.Debug|Any CPU.Build.0 = Debug|Any CPU
		{FBD514C2-2830-479E-B050-D1C383028456}.Release|Any CPU.ActiveCfg = Release|Any CPU
		{FBD514C2-2830-479E-B050-D1C383028456}.Release|Any CPU.Build.0 = Release|Any CPU
	EndGlobalSection
	GlobalSection(SolutionProperties) = preSolution
		HideSolutionNode = FALSE
	EndGlobalSection
	GlobalSection(ExtensibilityGlobals) = postSolution
		SolutionGuid = {0C049DA9-3AD0-4BD8-80A2-0D2BCC9DDDBC}
	EndGlobalSection
EndGlobal
